<Solution>
  <Project Path="BDVeterinaria/BDVeterinaria.sqlproj" Id="8f66bf0d-68b1-437b-9bc4-6920f6512192">
    <Build />
    <Deploy />
  </Project>
  <Project Path="CodeBone_App/CodeBone_App.csproj" />
  <Project Path="Domain/Domain.csproj" Id="195b9b78-7cf8-426c-83f4-f297a72a269b" />
</Solution>
