
Microsoft Visual Studio Solution File, Format Version 12.00
# Visual Studio Version 17
VisualStudioVersion = 17.9.34622.214
MinimumVisualStudioVersion = 10.0.40219.1
Project("{F184B08F-C81C-45F6-A57F-5ABD9991F28F}") = "Veterinaria", "Veterinaria\Veterinaria.vbproj", "{89AA0C27-F667-4CBF-B6C4-0422DD60FBC4}"
EndProject
Project("{F184B08F-C81C-45F6-A57F-5ABD9991F28F}") = "Negocios", "Negocios\Negocios.vbproj", "{8D5B014F-86E9-4D50-99F0-276C16461357}"
EndProject
Project("{F184B08F-C81C-45F6-A57F-5ABD9991F28F}") = "Datos", "Datos\Datos.vbproj", "{7D8E43D1-80B7-40FE-8B18-283C10055F2A}"
EndProject
Project("{F184B08F-C81C-45F6-A57F-5ABD9991F28F}") = "Entidades", "Entidades\Entidades.vbproj", "{E21B021A-B46A-442A-992D-8BDB8E1164F7}"
EndProject
Project("{F184B08F-C81C-45F6-A57F-5ABD9991F28F}") = "CapaDatos", "CapaDatos\CapaDatos.vbproj", "{14D7078A-3A69-46F6-88E5-86437112DDE3}"
EndProject
Project("{00D1A9C2-B5F0-4AF3-8072-F6C62B433612}") = "BDVeterinaria", "DBVeterinaria\BDVeterinaria.sqlproj", "{8C4BA273-45F7-4D40-9F60-1921DA15D768}"
EndProject
Global
	GlobalSection(SolutionConfigurationPlatforms) = preSolution
		Debug|Any CPU = Debug|Any CPU
		Release|Any CPU = Release|Any CPU
	EndGlobalSection
	GlobalSection(ProjectConfigurationPlatforms) = postSolution
		{89AA0C27-F667-4CBF-B6C4-0422DD60FBC4}.Debug|Any CPU.ActiveCfg = Debug|Any CPU
		{89AA0C27-F667-4CBF-B6C4-0422DD60FBC4}.Debug|Any CPU.Build.0 = Debug|Any CPU
		{89AA0C27-F667-4CBF-B6C4-0422DD60FBC4}.Release|Any CPU.ActiveCfg = Release|Any CPU
		{89AA0C27-F667-4CBF-B6C4-0422DD60FBC4}.Release|Any CPU.Build.0 = Release|Any CPU
		{8D5B014F-86E9-4D50-99F0-276C16461357}.Debug|Any CPU.ActiveCfg = Debug|Any CPU
		{8D5B014F-86E9-4D50-99F0-276C16461357}.Debug|Any CPU.Build.0 = Debug|Any CPU
		{8D5B014F-86E9-4D50-99F0-276C16461357}.Release|Any CPU.ActiveCfg = Release|Any CPU
		{8D5B014F-86E9-4D50-99F0-276C16461357}.Release|Any CPU.Build.0 = Release|Any CPU
		{7D8E43D1-80B7-40FE-8B18-283C10055F2A}.Debug|Any CPU.ActiveCfg = Debug|Any CPU
		{7D8E43D1-80B7-40FE-8B18-283C10055F2A}.Debug|Any CPU.Build.0 = Debug|Any CPU
		{7D8E43D1-80B7-40FE-8B18-283C10055F2A}.Release|Any CPU.ActiveCfg = Release|Any CPU
		{7D8E43D1-80B7-40FE-8B18-283C10055F2A}.Release|Any CPU.Build.0 = Release|Any CPU
		{E21B021A-B46A-442A-992D-8BDB8E1164F7}.Debug|Any CPU.ActiveCfg = Debug|Any CPU
		{E21B021A-B46A-442A-992D-8BDB8E1164F7}.Debug|Any CPU.Build.0 = Debug|Any CPU
		{E21B021A-B46A-442A-992D-8BDB8E1164F7}.Release|Any CPU.ActiveCfg = Release|Any CPU
		{E21B021A-B46A-442A-992D-8BDB8E1164F7}.Release|Any CPU.Build.0 = Release|Any CPU
		{14D7078A-3A69-46F6-88E5-86437112DDE3}.Debug|Any CPU.ActiveCfg = Debug|Any CPU
		{14D7078A-3A69-46F6-88E5-86437112DDE3}.Debug|Any CPU.Build.0 = Debug|Any CPU
		{14D7078A-3A69-46F6-88E5-86437112DDE3}.Release|Any CPU.ActiveCfg = Release|Any CPU
		{14D7078A-3A69-46F6-88E5-86437112DDE3}.Release|Any CPU.Build.0 = Release|Any CPU
		{8C4BA273-45F7-4D40-9F60-1921DA15D768}.Debug|Any CPU.ActiveCfg = Debug|Any CPU
		{8C4BA273-45F7-4D40-9F60-1921DA15D768}.Debug|Any CPU.Build.0 = Debug|Any CPU
		{8C4BA273-45F7-4D40-9F60-1921DA15D768}.Debug|Any CPU.Deploy.0 = Debug|Any CPU
		{8C4BA273-45F7-4D40-9F60-1921DA15D768}.Release|Any CPU.ActiveCfg = Release|Any CPU
		{8C4BA273-45F7-4D40-9F60-1921DA15D768}.Release|Any CPU.Build.0 = Release|Any CPU
		{8C4BA273-45F7-4D40-9F60-1921DA15D768}.Release|Any CPU.Deploy.0 = Release|Any CPU
	EndGlobalSection
	GlobalSection(SolutionProperties) = preSolution
		HideSolutionNode = FALSE
	EndGlobalSection
	GlobalSection(ExtensibilityGlobals) = postSolution
		SolutionGuid = {74B97F4B-5E1D-4AF5-B9DD-8868F113EC4D}
	EndGlobalSection
EndGlobal
